PODS:
  - AparajitaCapacitorSecureStorage (8.0.0):
    - Capacitor
    - KeychainSwift (~> 21.0)
  - Capacitor (8.5.0):
    - CapacitorCordova
  - CapacitorApp (8.1.1):
    - Capacitor
  - CapacitorCordova (8.5.0)
  - CapacitorKeyboard (8.0.5):
    - Capacitor
  - CapacitorMlkitBarcodeScanning (8.1.0):
    - Capacitor
    - GoogleMLKit/BarcodeScanning (~> 8.0.0)
  - CapacitorPushNotifications (8.1.2):
    - Capacitor
  - CapacitorStatusBar (8.0.3):
    - Capacitor
  - GoogleDataTransport (10.1.1):
    - nanopb (~> 3.30910.0)
    - PromisesObjC (~> 2.4)
  - GoogleMLKit/BarcodeScanning (8.0.0):
    - GoogleMLKit/MLKitCore
    - MLKitBarcodeScanning (~> 7.0.0)
  - GoogleMLKit/MLKitCore (8.0.0):
    - MLKitCommon (~> 13.0.0)
  - GoogleToolboxForMac/Defines (4.2.1)
  - GoogleToolboxForMac/Logger (4.2.1):
    - GoogleToolboxForMac/Defines (= 4.2.1)
  - "GoogleToolboxForMac/NSData+zlib (4.2.1)":
    - GoogleToolboxForMac/Defines (= 4.2.1)
  - GoogleUtilities/Environment (8.1.2):
    - GoogleUtilities/Privacy
  - GoogleUtilities/Logger (8.1.2):
    - GoogleUtilities/Environment
    - GoogleUtilities/Privacy
  - GoogleUtilities/Privacy (8.1.2)
  - GoogleUtilities/UserDefaults (8.1.2):
    - GoogleUtilities/Logger
    - GoogleUtilities/Privacy
  - GTMSessionFetcher/Core (3.5.0)
  - KeychainSwift (21.0.0)
  - MLImage (1.0.0-beta7)
  - MLKitBarcodeScanning (7.0.0):
    - MLKitCommon (~> 13.0)
    - MLKitVision (~> 9.0)
  - MLKitCommon (13.0.0):
    - GoogleDataTransport (~> 10.0)
    - GoogleToolboxForMac/Logger (< 5.0, >= 4.2.1)
    - "GoogleToolboxForMac/NSData+zlib (< 5.0, >= 4.2.1)"
    - GoogleUtilities/Logger (~> 8.0)
    - GoogleUtilities/UserDefaults (~> 8.0)
    - GTMSessionFetcher/Core (< 4.0, >= 3.3.2)
  - MLKitVision (9.0.0):
    - GoogleToolboxForMac/Logger (< 5.0, >= 4.2.1)
    - "GoogleToolboxForMac/NSData+zlib (< 5.0, >= 4.2.1)"
    - GTMSessionFetcher/Core (< 4.0, >= 3.3.2)
    - MLImage (= 1.0.0-beta7)
    - MLKitCommon (~> 13.0)
  - nanopb (3.30910.0):
    - nanopb/decode (= 3.30910.0)
    - nanopb/encode (= 3.30910.0)
  - nanopb/decode (3.30910.0)
  - nanopb/encode (3.30910.0)
  - PromisesObjC (2.4.1)

DEPENDENCIES:
  - "AparajitaCapacitorSecureStorage (from `../../node_modules/@aparajita/capacitor-secure-storage`)"
  - "Capacitor (from `../../node_modules/@capacitor/ios`)"
  - "CapacitorApp (from `../../node_modules/@capacitor/app`)"
  - "CapacitorCordova (from `../../node_modules/@capacitor/ios`)"
  - "CapacitorKeyboard (from `../../node_modules/@capacitor/keyboard`)"
  - "CapacitorMlkitBarcodeScanning (from `../../node_modules/@capacitor-mlkit/barcode-scanning`)"
  - "CapacitorPushNotifications (from `../../node_modules/@capacitor/push-notifications`)"
  - "CapacitorStatusBar (from `../../node_modules/@capacitor/status-bar`)"

SPEC REPOS:
  trunk:
    - GoogleDataTransport
    - GoogleMLKit
    - GoogleToolboxForMac
    - GoogleUtilities
    - GTMSessionFetcher
    - KeychainSwift
    - MLImage
    - MLKitBarcodeScanning
    - MLKitCommon
    - MLKitVision
    - nanopb
    - PromisesObjC

EXTERNAL SOURCES:
  AparajitaCapacitorSecureStorage:
    :path: "../../node_modules/@aparajita/capacitor-secure-storage"
  Capacitor:
    :path: "../../node_modules/@capacitor/ios"
  CapacitorApp:
    :path: "../../node_modules/@capacitor/app"
  CapacitorCordova:
    :path: "../../node_modules/@capacitor/ios"
  CapacitorKeyboard:
    :path: "../../node_modules/@capacitor/keyboard"
  CapacitorMlkitBarcodeScanning:
    :path: "../../node_modules/@capacitor-mlkit/barcode-scanning"
  CapacitorPushNotifications:
    :path: "../../node_modules/@capacitor/push-notifications"
  CapacitorStatusBar:
    :path: "../../node_modules/@capacitor/status-bar"

SPEC CHECKSUMS:
  AparajitaCapacitorSecureStorage: 8128d05cafcb13b00448e20fb388a0edccd44b12
  Capacitor: 00b87168591cc006ea6f5c0de681ec5c39a2c8eb
  CapacitorApp: 305bd13c44f6f9d164e2ee66a4faa956ed8c0e06
  CapacitorCordova: 9d3acbb574048e7167d2af127a0af2123e619f2f
  CapacitorKeyboard: b6b0744890cdb1d9a96e2cafcc9253fdcc55de3b
  CapacitorMlkitBarcodeScanning: 31c6af9f39873ff69e16ed5b39ebe2e1915f16fe
  CapacitorPushNotifications: 32a7f840815f319fd9ba1c1c9b0b914be9d95237
  CapacitorStatusBar: eca7bc2b58d9f886f1ef9edb66e57a9b29c121af
  GoogleDataTransport: a24e58982ab3ba2f64d79613e027fe7f57e88539
  GoogleMLKit: ddd51d7dff36ff28defa69afedd9cdce684fd857
  GoogleToolboxForMac: d1a2cbf009c453f4d6ded37c105e2f67a32206d8
  GoogleUtilities: 766ace00c6b10d8148408f329d10c4f051931850
  GTMSessionFetcher: 5aea5ba6bd522a239e236100971f10cb71b96ab6
  KeychainSwift: 4a71a45c802fd9e73906457c2dcbdbdc06c9419d
  MLImage: 2ab9c968e75f57911c16f4c9d9e8a8e9604a86a1
  MLKitBarcodeScanning: 72c6437f13a900833b400136be53a8a5d86f42fa
  MLKitCommon: 26b779f072a182c1603d4c88a101c350cac837b1
  MLKitVision: fa8dea9012ac59497c79ddbe9ebf32051047ac4c
  nanopb: fad817b59e0457d11a5dfbde799381cd727c1275
  PromisesObjC: 752c3227f599e3467650e47ea36f433eeb10c273

PODFILE CHECKSUM: f2c194bea62e07a56fd5983e5d69e0adbe6acb66

COCOAPODS: 1.17.0
